
Microsoft Visual Studio Solution File, Format Version 12.00
# Visual Studio Version 16
VisualStudioVersion = 16.0.30517.126
MinimumVisualStudioVersion = 10.0.40219.1
Project("{FAE04EC0-301F-11D3-BF4B-00C04F79EFBC}") = "WebAPICore", "WebAPICore\WebAPICore.csproj", "{9880018F-E0EE-47C9-A4C9-573256015873}"
EndProject
Global
	GlobalSection(SolutionConfigurationPlatforms) = preSolution
		Debug|Any CPU = Debug|Any CPU
		Release|Any CPU = Release|Any CPU
	EndGlobalSection
	GlobalSection(ProjectConfigurationPlatforms) = postSolution
		{9880018F-E0EE-47C9-A4C9-573256015873}.Debug|Any CPU.ActiveCfg = Debug|Any CPU
		{9880018F-E0EE-47C9-A4C9-573256015873}.Debug|Any CPU.Build.0 = Debug|Any CPU
		{9880018F-E0EE-47C9-A4C9-573256015873}.Release|Any CPU.ActiveCfg = Release|Any CPU
		{9880018F-E0EE-47C9-A4C9-573256015873}.Release|Any CPU.Build.0 = Release|Any CPU
	EndGlobalSection
	GlobalSection(SolutionProperties) = preSolution
		HideSolutionNode = FALSE
	EndGlobalSection
	GlobalSection(ExtensibilityGlobals) = postSolution
		SolutionGuid = {57999102-B7B5-4F5C-99D5-99A438282687}
	EndGlobalSection
EndGlobal
